// !$*UTF8*$!
{
	archiveVersion = 1;
	classes = {
	};
	objectVersion = 51;
	objects = {

/* Begin PBXBuildFile section */
		314FC28BE12AA06079B730A6 /* libPods-shareManagerDemo.a in Frameworks */ = {isa = PBXBuildFile; fileRef = 46080498E6F83AC1E59D6FF1 /* libPods-shareManagerDemo.a */; };
		351DA73422D58464003FBF9E /* TestFirstViewController.m in Sources */ = {isa = PBXBuildFile; fileRef = 351DA73322D58464003FBF9E /* TestFirstViewController.m */; };
		352542DD22B4B784007A7B0B /* UIImage+SVGManager.m in Sources */ = {isa = PBXBuildFile; fileRef = 352542DC22B4B784007A7B0B /* UIImage+SVGManager.m */; };
		352542DF22B4BB9C007A7B0B /* icon.svg in Resources */ = {isa = PBXBuildFile; fileRef = 352542DE22B4BB9C007A7B0B /* icon.svg */; };
		352542E722B4C2C6007A7B0B /* SVGPlayerVC.m in Sources */ = {isa = PBXBuildFile; fileRef = 352542E622B4C2C6007A7B0B /* SVGPlayerVC.m */; };
		352542ED22B4C824007A7B0B /* mutiMatte.svga in Resources */ = {isa = PBXBuildFile; fileRef = 352542E922B4C824007A7B0B /* mutiMatte.svga */; };
		352542EE22B4C824007A7B0B /* heartbeat.svga in Resources */ = {isa = PBXBuildFile; fileRef = 352542EA22B4C824007A7B0B /* heartbeat.svga */; };
		352542EF22B4C824007A7B0B /* rose_2.0.0.svga in Resources */ = {isa = PBXBuildFile; fileRef = 352542EB22B4C824007A7B0B /* rose_2.0.0.svga */; };
		352542F022B4C824007A7B0B /* rose_1.5.0.svga in Resources */ = {isa = PBXBuildFile; fileRef = 352542EC22B4C824007A7B0B /* rose_1.5.0.svga */; };
		35ECC39D225AFAC700BBAE21 /* Assets.xcassets in Resources */ = {isa = PBXBuildFile; fileRef = 35ECC39C225AFAC700BBAE21 /* Assets.xcassets */; };
		35ECC3A0225AFAC700BBAE21 /* LaunchScreen.storyboard in Resources */ = {isa = PBXBuildFile; fileRef = 35ECC39E225AFAC700BBAE21 /* LaunchScreen.storyboard */; };
		35ECC3A3225AFAC700BBAE21 /* main.m in Sources */ = {isa = PBXBuildFile; fileRef = 35ECC3A2225AFAC700BBAE21 /* main.m */; };
		35ECC3AC225AFCB900BBAE21 /* XLShareManager.m in Sources */ = {isa = PBXBuildFile; fileRef = 35ECC3AA225AFCB800BBAE21 /* XLShareManager.m */; };
		35ECC3B1225AFDAC00BBAE21 /* AppDelegate.m in Sources */ = {isa = PBXBuildFile; fileRef = 35ECC3B0225AFDAC00BBAE21 /* AppDelegate.m */; };
		35ECC3B7225AFE9900BBAE21 /* GXBaseNavigationViewController.m in Sources */ = {isa = PBXBuildFile; fileRef = 35ECC3B5225AFE9800BBAE21 /* GXBaseNavigationViewController.m */; };
		35ECC3B8225AFE9900BBAE21 /* GXRootTabBarController.m in Sources */ = {isa = PBXBuildFile; fileRef = 35ECC3B6225AFE9900BBAE21 /* GXRootTabBarController.m */; };
		35ECC3BC225AFF3900BBAE21 /* GXHomeVC.m in Sources */ = {isa = PBXBuildFile; fileRef = 35ECC3BB225AFF3900BBAE21 /* GXHomeVC.m */; };
		35ECC3BE225B0AEB00BBAE21 /* Main.storyboard in Resources */ = {isa = PBXBuildFile; fileRef = 35ECC3BD225B0AEB00BBAE21 /* Main.storyboard */; };
/* End PBXBuildFile section */

/* Begin PBXFileReference section */
		351DA73222D58464003FBF9E /* TestFirstViewController.h */ = {isa = PBXFileReference; lastKnownFileType = sourcecode.c.h; path = TestFirstViewController.h; sourceTree = "<group>"; };
		351DA73322D58464003FBF9E /* TestFirstViewController.m */ = {isa = PBXFileReference; lastKnownFileType = sourcecode.c.objc; path = TestFirstViewController.m; sourceTree = "<group>"; };
		352542DB22B4B784007A7B0B /* UIImage+SVGManager.h */ = {isa = PBXFileReference; lastKnownFileType = sourcecode.c.h; path = "UIImage+SVGManager.h"; sourceTree = "<group>"; };
		352542DC22B4B784007A7B0B /* UIImage+SVGManager.m */ = {isa = PBXFileReference; lastKnownFileType = sourcecode.c.objc; path = "UIImage+SVGManager.m"; sourceTree = "<group>"; };
		352542DE22B4BB9C007A7B0B /* icon.svg */ = {isa = PBXFileReference; fileEncoding = 4; lastKnownFileType = text.xml; path = icon.svg; sourceTree = "<group>"; };
		352542E522B4C2C6007A7B0B /* SVGPlayerVC.h */ = {isa = PBXFileReference; lastKnownFileType = sourcecode.c.h; path = SVGPlayerVC.h; sourceTree = "<group>"; };
		352542E622B4C2C6007A7B0B /* SVGPlayerVC.m */ = {isa = PBXFileReference; lastKnownFileType = sourcecode.c.objc; path = SVGPlayerVC.m; sourceTree = "<group>"; };
		352542E922B4C824007A7B0B /* mutiMatte.svga */ = {isa = PBXFileReference; lastKnownFileType = file; path = mutiMatte.svga; sourceTree = "<group>"; };
		352542EA22B4C824007A7B0B /* heartbeat.svga */ = {isa = PBXFileReference; lastKnownFileType = file; path = heartbeat.svga; sourceTree = "<group>"; };
		352542EB22B4C824007A7B0B /* rose_2.0.0.svga */ = {isa = PBXFileReference; lastKnownFileType = file; path = rose_2.0.0.svga; sourceTree = "<group>"; };
		352542EC22B4C824007A7B0B /* rose_1.5.0.svga */ = {isa = PBXFileReference; lastKnownFileType = file; path = rose_1.5.0.svga; sourceTree = "<group>"; };
		35ECC390225AFAC500BBAE21 /* shareManagerDemo.app */ = {isa = PBXFileReference; explicitFileType = wrapper.application; includeInIndex = 0; path = shareManagerDemo.app; sourceTree = BUILT_PRODUCTS_DIR; };
		35ECC39C225AFAC700BBAE21 /* Assets.xcassets */ = {isa = PBXFileReference; lastKnownFileType = folder.assetcatalog; path = Assets.xcassets; sourceTree = "<group>"; };
		35ECC39F225AFAC700BBAE21 /* Base */ = {isa = PBXFileReference; lastKnownFileType = file.storyboard; name = Base; path = Base.lproj/LaunchScreen.storyboard; sourceTree = "<group>"; };
		35ECC3A1225AFAC700BBAE21 /* Info.plist */ = {isa = PBXFileReference; lastKnownFileType = text.plist.xml; path = Info.plist; sourceTree = "<group>"; };
		35ECC3A2225AFAC700BBAE21 /* main.m */ = {isa = PBXFileReference; lastKnownFileType = sourcecode.c.objc; path = main.m; sourceTree = "<group>"; };
		35ECC3AA225AFCB800BBAE21 /* XLShareManager.m */ = {isa = PBXFileReference; fileEncoding = 4; lastKnownFileType = sourcecode.c.objc; path = XLShareManager.m; sourceTree = "<group>"; };
		35ECC3AB225AFCB800BBAE21 /* XLShareManager.h */ = {isa = PBXFileReference; fileEncoding = 4; lastKnownFileType = sourcecode.c.h; path = XLShareManager.h; sourceTree = "<group>"; };
		35ECC3AD225AFD1B00BBAE21 /* GXPrefixHeader.pch */ = {isa = PBXFileReference; lastKnownFileType = sourcecode.c.h; path = GXPrefixHeader.pch; sourceTree = "<group>"; };
		35ECC3AF225AFDAC00BBAE21 /* AppDelegate.h */ = {isa = PBXFileReference; fileEncoding = 4; lastKnownFileType = sourcecode.c.h; path = AppDelegate.h; sourceTree = "<group>"; };
		35ECC3B0225AFDAC00BBAE21 /* AppDelegate.m */ = {isa = PBXFileReference; fileEncoding = 4; lastKnownFileType = sourcecode.c.objc; path = AppDelegate.m; sourceTree = "<group>"; };
		35ECC3B3225AFE9800BBAE21 /* GXRootTabBarController.h */ = {isa = PBXFileReference; fileEncoding = 4; lastKnownFileType = sourcecode.c.h; path = GXRootTabBarController.h; sourceTree = "<group>"; };
		35ECC3B4225AFE9800BBAE21 /* GXBaseNavigationViewController.h */ = {isa = PBXFileReference; fileEncoding = 4; lastKnownFileType = sourcecode.c.h; path = GXBaseNavigationViewController.h; sourceTree = "<group>"; };
		35ECC3B5225AFE9800BBAE21 /* GXBaseNavigationViewController.m */ = {isa = PBXFileReference; fileEncoding = 4; lastKnownFileType = sourcecode.c.objc; path = GXBaseNavigationViewController.m; sourceTree = "<group>"; };
		35ECC3B6225AFE9900BBAE21 /* GXRootTabBarController.m */ = {isa = PBXFileReference; fileEncoding = 4; lastKnownFileType = sourcecode.c.objc; path = GXRootTabBarController.m; sourceTree = "<group>"; };
		35ECC3BA225AFF3900BBAE21 /* GXHomeVC.h */ = {isa = PBXFileReference; lastKnownFileType = sourcecode.c.h; path = GXHomeVC.h; sourceTree = "<group>"; };
		35ECC3BB225AFF3900BBAE21 /* GXHomeVC.m */ = {isa = PBXFileReference; lastKnownFileType = sourcecode.c.objc; path = GXHomeVC.m; sourceTree = "<group>"; };
		35ECC3BD225B0AEB00BBAE21 /* Main.storyboard */ = {isa = PBXFileReference; fileEncoding = 4; lastKnownFileType = file.storyboard; path = Main.storyboard; sourceTree = "<group>"; };
		46080498E6F83AC1E59D6FF1 /* libPods-shareManagerDemo.a */ = {isa = PBXFileReference; explicitFileType = archive.ar; includeInIndex = 0; path = "libPods-shareManagerDemo.a"; sourceTree = BUILT_PRODUCTS_DIR; };
		9A0BA4DB376949832587CD8C /* Pods-shareManagerDemo.release.xcconfig */ = {isa = PBXFileReference; includeInIndex = 1; lastKnownFileType = text.xcconfig; name = "Pods-shareManagerDemo.release.xcconfig"; path = "Pods/Target Support Files/Pods-shareManagerDemo/Pods-shareManagerDemo.release.xcconfig"; sourceTree = "<group>"; };
		BD073B2683A5DBF48496EFDB /* Pods-shareManagerDemo.debug.xcconfig */ = {isa = PBXFileReference; includeInIndex = 1; lastKnownFileType = text.xcconfig; name = "Pods-shareManagerDemo.debug.xcconfig"; path = "Pods/Target Support Files/Pods-shareManagerDemo/Pods-shareManagerDemo.debug.xcconfig"; sourceTree = "<group>"; };
/* End PBXFileReference section */

/* Begin PBXFrameworksBuildPhase section */
		35ECC38D225AFAC500BBAE21 /* Frameworks */ = {
			isa = PBXFrameworksBuildPhase;
			buildActionMask = 2147483647;
			files = (
				314FC28BE12AA06079B730A6 /* libPods-shareManagerDemo.a in Frameworks */,
			);
			runOnlyForDeploymentPostprocessing = 0;
		};
/* End PBXFrameworksBuildPhase section */

/* Begin PBXGroup section */
		13D45539A09803D853E9742D /* Frameworks */ = {
			isa = PBXGroup;
			children = (
				46080498E6F83AC1E59D6FF1 /* libPods-shareManagerDemo.a */,
			);
			name = Frameworks;
			sourceTree = "<group>";
		};
		351DA73122D5843B003FBF9E /* TestController */ = {
			isa = PBXGroup;
			children = (
				351DA73222D58464003FBF9E /* TestFirstViewController.h */,
				351DA73322D58464003FBF9E /* TestFirstViewController.m */,
			);
			path = TestController;
			sourceTree = "<group>";
		};
		352542E822B4C824007A7B0B /* Samples */ = {
			isa = PBXGroup;
			children = (
				352542E922B4C824007A7B0B /* mutiMatte.svga */,
				352542EA22B4C824007A7B0B /* heartbeat.svga */,
				352542EB22B4C824007A7B0B /* rose_2.0.0.svga */,
				352542EC22B4C824007A7B0B /* rose_1.5.0.svga */,
			);
			path = Samples;
			sourceTree = "<group>";
		};
		35ECC387225AFAC500BBAE21 = {
			isa = PBXGroup;
			children = (
				35ECC392225AFAC500BBAE21 /* shareManagerDemo */,
				35ECC391225AFAC500BBAE21 /* Products */,
				A958BDFC17DAA17E34B0490D /* Pods */,
				13D45539A09803D853E9742D /* Frameworks */,
			);
			sourceTree = "<group>";
		};
		35ECC391225AFAC500BBAE21 /* Products */ = {
			isa = PBXGroup;
			children = (
				35ECC390225AFAC500BBAE21 /* shareManagerDemo.app */,
			);
			name = Products;
			sourceTree = "<group>";
		};
		35ECC392225AFAC500BBAE21 /* shareManagerDemo */ = {
			isa = PBXGroup;
			children = (
				351DA73122D5843B003FBF9E /* TestController */,
				35ECC3A9225AFCB800BBAE21 /* XLShareManager */,
				35ECC3AE225AFDAC00BBAE21 /* T_Appdelegate */,
				35ECC3B2225AFE4F00BBAE21 /* T_Main */,
				35ECC3B9225AFF0D00BBAE21 /* T_HomeVC */,
				352542E822B4C824007A7B0B /* Samples */,
				35ECC39C225AFAC700BBAE21 /* Assets.xcassets */,
				352542DE22B4BB9C007A7B0B /* icon.svg */,
				35ECC3BD225B0AEB00BBAE21 /* Main.storyboard */,
				35ECC39E225AFAC700BBAE21 /* LaunchScreen.storyboard */,
				35ECC3A1225AFAC700BBAE21 /* Info.plist */,
				35ECC3A2225AFAC700BBAE21 /* main.m */,
				35ECC3AD225AFD1B00BBAE21 /* GXPrefixHeader.pch */,
			);
			path = shareManagerDemo;
			sourceTree = "<group>";
		};
		35ECC3A9225AFCB800BBAE21 /* XLShareManager */ = {
			isa = PBXGroup;
			children = (
				35ECC3AB225AFCB800BBAE21 /* XLShareManager.h */,
				35ECC3AA225AFCB800BBAE21 /* XLShareManager.m */,
				352542DB22B4B784007A7B0B /* UIImage+SVGManager.h */,
				352542DC22B4B784007A7B0B /* UIImage+SVGManager.m */,
			);
			path = XLShareManager;
			sourceTree = "<group>";
		};
		35ECC3AE225AFDAC00BBAE21 /* T_Appdelegate */ = {
			isa = PBXGroup;
			children = (
				35ECC3AF225AFDAC00BBAE21 /* AppDelegate.h */,
				35ECC3B0225AFDAC00BBAE21 /* AppDelegate.m */,
			);
			path = T_Appdelegate;
			sourceTree = "<group>";
		};
		35ECC3B2225AFE4F00BBAE21 /* T_Main */ = {
			isa = PBXGroup;
			children = (
				35ECC3B3225AFE9800BBAE21 /* GXRootTabBarController.h */,
				35ECC3B6225AFE9900BBAE21 /* GXRootTabBarController.m */,
				35ECC3B4225AFE9800BBAE21 /* GXBaseNavigationViewController.h */,
				35ECC3B5225AFE9800BBAE21 /* GXBaseNavigationViewController.m */,
			);
			path = T_Main;
			sourceTree = "<group>";
		};
		35ECC3B9225AFF0D00BBAE21 /* T_HomeVC */ = {
			isa = PBXGroup;
			children = (
				35ECC3BA225AFF3900BBAE21 /* GXHomeVC.h */,
				35ECC3BB225AFF3900BBAE21 /* GXHomeVC.m */,
				352542E522B4C2C6007A7B0B /* SVGPlayerVC.h */,
				352542E622B4C2C6007A7B0B /* SVGPlayerVC.m */,
			);
			path = T_HomeVC;
			sourceTree = "<group>";
		};
		A958BDFC17DAA17E34B0490D /* Pods */ = {
			isa = PBXGroup;
			children = (
				BD073B2683A5DBF48496EFDB /* Pods-shareManagerDemo.debug.xcconfig */,
				9A0BA4DB376949832587CD8C /* Pods-shareManagerDemo.release.xcconfig */,
			);
			name = Pods;
			sourceTree = "<group>";
		};
/* End PBXGroup section */

/* Begin PBXNativeTarget section */
		35ECC38F225AFAC500BBAE21 /* shareManagerDemo */ = {
			isa = PBXNativeTarget;
			buildConfigurationList = 35ECC3A6225AFAC700BBAE21 /* Build configuration list for PBXNativeTarget "shareManagerDemo" */;
			buildPhases = (
				9D70EE2CFAA55888FAD25269 /* [CP] Check Pods Manifest.lock */,
				35ECC38C225AFAC500BBAE21 /* Sources */,
				35ECC38D225AFAC500BBAE21 /* Frameworks */,
				35ECC38E225AFAC500BBAE21 /* Resources */,
				DCCFB701E12144BB2C08BECD /* [CP] Copy Pods Resources */,
			);
			buildRules = (
			);
			dependencies = (
			);
			name = shareManagerDemo;
			productName = shareManagerDemo;
			productReference = 35ECC390225AFAC500BBAE21 /* shareManagerDemo.app */;
			productType = "com.apple.product-type.application";
		};
/* End PBXNativeTarget section */

/* Begin PBXProject section */
		35ECC388225AFAC500BBAE21 /* Project object */ = {
			isa = PBXProject;
			attributes = {
				CLASSPREFIX = GX;
				LastUpgradeCheck = 1000;
				ORGANIZATIONNAME = T_Guo;
				TargetAttributes = {
					35ECC38F225AFAC500BBAE21 = {
						CreatedOnToolsVersion = 10.0;
					};
				};
			};
			buildConfigurationList = 35ECC38B225AFAC500BBAE21 /* Build configuration list for PBXProject "shareManagerDemo" */;
			compatibilityVersion = "Xcode 9.3";
			developmentRegion = en;
			hasScannedForEncodings = 0;
			knownRegions = (
				en,
				Base,
			);
			mainGroup = 35ECC387225AFAC500BBAE21;
			productRefGroup = 35ECC391225AFAC500BBAE21 /* Products */;
			projectDirPath = "";
			projectRoot = "";
			targets = (
				35ECC38F225AFAC500BBAE21 /* shareManagerDemo */,
			);
		};
/* End PBXProject section */

/* Begin PBXResourcesBuildPhase section */
		35ECC38E225AFAC500BBAE21 /* Resources */ = {
			isa = PBXResourcesBuildPhase;
			buildActionMask = 2147483647;
			files = (
				352542F022B4C824007A7B0B /* rose_1.5.0.svga in Resources */,
				35ECC3BE225B0AEB00BBAE21 /* Main.storyboard in Resources */,
				352542EE22B4C824007A7B0B /* heartbeat.svga in Resources */,
				35ECC3A0225AFAC700BBAE21 /* LaunchScreen.storyboard in Resources */,
				35ECC39D225AFAC700BBAE21 /* Assets.xcassets in Resources */,
				352542ED22B4C824007A7B0B /* mutiMatte.svga in Resources */,
				352542EF22B4C824007A7B0B /* rose_2.0.0.svga in Resources */,
				352542DF22B4BB9C007A7B0B /* icon.svg in Resources */,
			);
			runOnlyForDeploymentPostprocessing = 0;
		};
/* End PBXResourcesBuildPhase section */

/* Begin PBXShellScriptBuildPhase section */
		9D70EE2CFAA55888FAD25269 /* [CP] Check Pods Manifest.lock */ = {
			isa = PBXShellScriptBuildPhase;
			buildActionMask = 2147483647;
			files = (
			);
			inputFileListPaths = (
			);
			inputPaths = (
				"${PODS_PODFILE_DIR_PATH}/Podfile.lock",
				"${PODS_ROOT}/Manifest.lock",
			);
			name = "[CP] Check Pods Manifest.lock";
			outputFileListPaths = (
			);
			outputPaths = (
				"$(DERIVED_FILE_DIR)/Pods-shareManagerDemo-checkManifestLockResult.txt",
			);
			runOnlyForDeploymentPostprocessing = 0;
			shellPath = /bin/sh;
			shellScript = "diff \"${PODS_PODFILE_DIR_PATH}/Podfile.lock\" \"${PODS_ROOT}/Manifest.lock\" > /dev/null\nif [ $? != 0 ] ; then\n    # print error to STDERR\n    echo \"error: The sandbox is not in sync with the Podfile.lock. Run 'pod install' or update your CocoaPods installation.\" >&2\n    exit 1\nfi\n# This output is used by Xcode 'outputs' to avoid re-running this script phase.\necho \"SUCCESS\" > \"${SCRIPT_OUTPUT_FILE_0}\"\n";
			showEnvVarsInLog = 0;
		};
		DCCFB701E12144BB2C08BECD /* [CP] Copy Pods Resources */ = {
			isa = PBXShellScriptBuildPhase;
			buildActionMask = 2147483647;
			files = (
			);
			inputFileListPaths = (
				"${PODS_ROOT}/Target Support Files/Pods-shareManagerDemo/Pods-shareManagerDemo-resources-${CONFIGURATION}-input-files.xcfilelist",
			);
			name = "[CP] Copy Pods Resources";
			outputFileListPaths = (
				"${PODS_ROOT}/Target Support Files/Pods-shareManagerDemo/Pods-shareManagerDemo-resources-${CONFIGURATION}-output-files.xcfilelist",
			);
			runOnlyForDeploymentPostprocessing = 0;
			shellPath = /bin/sh;
			shellScript = "\"${PODS_ROOT}/Target Support Files/Pods-shareManagerDemo/Pods-shareManagerDemo-resources.sh\"\n";
			showEnvVarsInLog = 0;
		};
/* End PBXShellScriptBuildPhase section */

/* Begin PBXSourcesBuildPhase section */
		35ECC38C225AFAC500BBAE21 /* Sources */ = {
			isa = PBXSourcesBuildPhase;
			buildActionMask = 2147483647;
			files = (
				352542DD22B4B784007A7B0B /* UIImage+SVGManager.m in Sources */,
				35ECC3AC225AFCB900BBAE21 /* XLShareManager.m in Sources */,
				351DA73422D58464003FBF9E /* TestFirstViewController.m in Sources */,
				35ECC3A3225AFAC700BBAE21 /* main.m in Sources */,
				35ECC3B7225AFE9900BBAE21 /* GXBaseNavigationViewController.m in Sources */,
				35ECC3BC225AFF3900BBAE21 /* GXHomeVC.m in Sources */,
				35ECC3B8225AFE9900BBAE21 /* GXRootTabBarController.m in Sources */,
				352542E722B4C2C6007A7B0B /* SVGPlayerVC.m in Sources */,
				35ECC3B1225AFDAC00BBAE21 /* AppDelegate.m in Sources */,
			);
			runOnlyForDeploymentPostprocessing = 0;
		};
/* End PBXSourcesBuildPhase section */

/* Begin PBXVariantGroup section */
		35ECC39E225AFAC700BBAE21 /* LaunchScreen.storyboard */ = {
			isa = PBXVariantGroup;
			children = (
				35ECC39F225AFAC700BBAE21 /* Base */,
			);
			name = LaunchScreen.storyboard;
			sourceTree = "<group>";
		};
/* End PBXVariantGroup section */

/* Begin XCBuildConfiguration section */
		35ECC3A4225AFAC700BBAE21 /* Debug */ = {
			isa = XCBuildConfiguration;
			buildSettings = {
				ALWAYS_SEARCH_USER_PATHS = NO;
				CLANG_ANALYZER_NONNULL = YES;
				CLANG_ANALYZER_NUMBER_OBJECT_CONVERSION = YES_AGGRESSIVE;
				CLANG_CXX_LANGUAGE_STANDARD = "gnu++14";
				CLANG_CXX_LIBRARY = "libc++";
				CLANG_ENABLE_MODULES = YES;
				CLANG_ENABLE_OBJC_ARC = YES;
				CLANG_ENABLE_OBJC_WEAK = YES;
				CLANG_WARN_BLOCK_CAPTURE_AUTORELEASING = YES;
				CLANG_WARN_BOOL_CONVERSION = YES;
				CLANG_WARN_COMMA = YES;
				CLANG_WARN_CONSTANT_CONVERSION = YES;
				CLANG_WARN_DEPRECATED_OBJC_IMPLEMENTATIONS = YES;
				CLANG_WARN_DIRECT_OBJC_ISA_USAGE = YES_ERROR;
				CLANG_WARN_DOCUMENTATION_COMMENTS = YES;
				CLANG_WARN_EMPTY_BODY = YES;
				CLANG_WARN_ENUM_CONVERSION = YES;
				CLANG_WARN_INFINITE_RECURSION = YES;
				CLANG_WARN_INT_CONVERSION = YES;
				CLANG_WARN_NON_LITERAL_NULL_CONVERSION = YES;
				CLANG_WARN_OBJC_IMPLICIT_RETAIN_SELF = YES;
				CLANG_WARN_OBJC_LITERAL_CONVERSION = YES;
				CLANG_WARN_OBJC_ROOT_CLASS = YES_ERROR;
				CLANG_WARN_RANGE_LOOP_ANALYSIS = YES;
				CLANG_WARN_STRICT_PROTOTYPES = YES;
				CLANG_WARN_SUSPICIOUS_MOVE = YES;
				CLANG_WARN_UNGUARDED_AVAILABILITY = YES_AGGRESSIVE;
				CLANG_WARN_UNREACHABLE_CODE = YES;
				CLANG_WARN__DUPLICATE_METHOD_MATCH = YES;
				CODE_SIGN_IDENTITY = "iPhone Developer";
				COPY_PHASE_STRIP = NO;
				DEBUG_INFORMATION_FORMAT = dwarf;
				ENABLE_STRICT_OBJC_MSGSEND = YES;
				ENABLE_TESTABILITY = YES;
				GCC_C_LANGUAGE_STANDARD = gnu11;
				GCC_DYNAMIC_NO_PIC = NO;
				GCC_NO_COMMON_BLOCKS = YES;
				GCC_OPTIMIZATION_LEVEL = 0;
				GCC_PREPROCESSOR_DEFINITIONS = (
					"DEBUG=1",
					"$(inherited)",
				);
				GCC_WARN_64_TO_32_BIT_CONVERSION = YES;
				GCC_WARN_ABOUT_RETURN_TYPE = YES_ERROR;
				GCC_WARN_UNDECLARED_SELECTOR = YES;
				GCC_WARN_UNINITIALIZED_AUTOS = YES_AGGRESSIVE;
				GCC_WARN_UNUSED_FUNCTION = YES;
				GCC_WARN_UNUSED_VARIABLE = YES;
				IPHONEOS_DEPLOYMENT_TARGET = 12.0;
				MTL_ENABLE_DEBUG_INFO = INCLUDE_SOURCE;
				MTL_FAST_MATH = YES;
				ONLY_ACTIVE_ARCH = YES;
				SDKROOT = iphoneos;
			};
			name = Debug;
		};
		35ECC3A5225AFAC700BBAE21 /* Release */ = {
			isa = XCBuildConfiguration;
			buildSettings = {
				ALWAYS_SEARCH_USER_PATHS = NO;
				CLANG_ANALYZER_NONNULL = YES;
				CLANG_ANALYZER_NUMBER_OBJECT_CONVERSION = YES_AGGRESSIVE;
				CLANG_CXX_LANGUAGE_STANDARD = "gnu++14";
				CLANG_CXX_LIBRARY = "libc++";
				CLANG_ENABLE_MODULES = YES;
				CLANG_ENABLE_OBJC_ARC = YES;
				CLANG_ENABLE_OBJC_WEAK = YES;
				CLANG_WARN_BLOCK_CAPTURE_AUTORELEASING = YES;
				CLANG_WARN_BOOL_CONVERSION = YES;
				CLANG_WARN_COMMA = YES;
				CLANG_WARN_CONSTANT_CONVERSION = YES;
				CLANG_WARN_DEPRECATED_OBJC_IMPLEMENTATIONS = YES;
				CLANG_WARN_DIRECT_OBJC_ISA_USAGE = YES_ERROR;
				CLANG_WARN_DOCUMENTATION_COMMENTS = YES;
				CLANG_WARN_EMPTY_BODY = YES;
				CLANG_WARN_ENUM_CONVERSION = YES;
				CLANG_WARN_INFINITE_RECURSION = YES;
				CLANG_WARN_INT_CONVERSION = YES;
				CLANG_WARN_NON_LITERAL_NULL_CONVERSION = YES;
				CLANG_WARN_OBJC_IMPLICIT_RETAIN_SELF = YES;
				CLANG_WARN_OBJC_LITERAL_CONVERSION = YES;
				CLANG_WARN_OBJC_ROOT_CLASS = YES_ERROR;
				CLANG_WARN_RANGE_LOOP_ANALYSIS = YES;
				CLANG_WARN_STRICT_PROTOTYPES = YES;
				CLANG_WARN_SUSPICIOUS_MOVE = YES;
				CLANG_WARN_UNGUARDED_AVAILABILITY = YES_AGGRESSIVE;
				CLANG_WARN_UNREACHABLE_CODE = YES;
				CLANG_WARN__DUPLICATE_METHOD_MATCH = YES;
				CODE_SIGN_IDENTITY = "iPhone Developer";
				COPY_PHASE_STRIP = NO;
				DEBUG_INFORMATION_FORMAT = "dwarf-with-dsym";
				ENABLE_NS_ASSERTIONS = NO;
				ENABLE_STRICT_OBJC_MSGSEND = YES;
				GCC_C_LANGUAGE_STANDARD = gnu11;
				GCC_NO_COMMON_BLOCKS = YES;
				GCC_WARN_64_TO_32_BIT_CONVERSION = YES;
				GCC_WARN_ABOUT_RETURN_TYPE = YES_ERROR;
				GCC_WARN_UNDECLARED_SELECTOR = YES;
				GCC_WARN_UNINITIALIZED_AUTOS = YES_AGGRESSIVE;
				GCC_WARN_UNUSED_FUNCTION = YES;
				GCC_WARN_UNUSED_VARIABLE = YES;
				IPHONEOS_DEPLOYMENT_TARGET = 12.0;
				MTL_ENABLE_DEBUG_INFO = NO;
				MTL_FAST_MATH = YES;
				SDKROOT = iphoneos;
				VALIDATE_PRODUCT = YES;
			};
			name = Release;
		};
		35ECC3A7225AFAC700BBAE21 /* Debug */ = {
			isa = XCBuildConfiguration;
			baseConfigurationReference = BD073B2683A5DBF48496EFDB /* Pods-shareManagerDemo.debug.xcconfig */;
			buildSettings = {
				ASSETCATALOG_COMPILER_APPICON_NAME = AppIcon;
				CODE_SIGN_STYLE = Automatic;
				DEVELOPMENT_TEAM = 9YQM854BPE;
				GCC_PREFIX_HEADER = "$(PRODUCT_NAME)/GXPrefixHeader.pch";
				INFOPLIST_FILE = shareManagerDemo/Info.plist;
				IPHONEOS_DEPLOYMENT_TARGET = 9.0;
				LD_RUNPATH_SEARCH_PATHS = (
					"$(inherited)",
					"@executable_path/Frameworks",
				);
				PRODUCT_BUNDLE_IDENTIFIER = com.mycompany.gx.shareManagerDemo;
				PRODUCT_NAME = "$(TARGET_NAME)";
				TARGETED_DEVICE_FAMILY = "1,2";
			};
			name = Debug;
		};
		35ECC3A8225AFAC700BBAE21 /* Release */ = {
			isa = XCBuildConfiguration;
			baseConfigurationReference = 9A0BA4DB376949832587CD8C /* Pods-shareManagerDemo.release.xcconfig */;
			buildSettings = {
				ASSETCATALOG_COMPILER_APPICON_NAME = AppIcon;
				CODE_SIGN_STYLE = Automatic;
				DEVELOPMENT_TEAM = 9YQM854BPE;
				GCC_PREFIX_HEADER = "$(PRODUCT_NAME)/GXPrefixHeader.pch";
				INFOPLIST_FILE = shareManagerDemo/Info.plist;
				IPHONEOS_DEPLOYMENT_TARGET = 9.0;
				LD_RUNPATH_SEARCH_PATHS = (
					"$(inherited)",
					"@executable_path/Frameworks",
				);
				PRODUCT_BUNDLE_IDENTIFIER = com.mycompany.gx.shareManagerDemo;
				PRODUCT_NAME = "$(TARGET_NAME)";
				TARGETED_DEVICE_FAMILY = "1,2";
			};
			name = Release;
		};
/* End XCBuildConfiguration section */

/* Begin XCConfigurationList section */
		35ECC38B225AFAC500BBAE21 /* Build configuration list for PBXProject "shareManagerDemo" */ = {
			isa = XCConfigurationList;
			buildConfigurations = (
				35ECC3A4225AFAC700BBAE21 /* Debug */,
				35ECC3A5225AFAC700BBAE21 /* Release */,
			);
			defaultConfigurationIsVisible = 0;
			defaultConfigurationName = Release;
		};
		35ECC3A6225AFAC700BBAE21 /* Build configuration list for PBXNativeTarget "shareManagerDemo" */ = {
			isa = XCConfigurationList;
			buildConfigurations = (
				35ECC3A7225AFAC700BBAE21 /* Debug */,
				35ECC3A8225AFAC700BBAE21 /* Release */,
			);
			defaultConfigurationIsVisible = 0;
			defaultConfigurationName = Release;
		};
/* End XCConfigurationList section */
	};
	rootObject = 35ECC388225AFAC500BBAE21 /* Project object */;
}
